// !$*UTF8*$!
{
	archiveVersion = 1;
	classes = {
	};
	objectVersion = 46;
	objects = {

/* Begin PBXBuildFile section */
		7E2767BD1F6E774D00A22B5E /* Domain.swift in Sources */ = {isa = PBXBuildFile; fileRef = 7E2767BC1F6E774D00A22B5E /* Domain.swift */; };
		7E2767BF1F6E7EB300A22B5E /* MainViewModel.swift in Sources */ = {isa = PBXBuildFile; fileRef = 7E2767BE1F6E7EB300A22B5E /* MainViewModel.swift */; };
		7EFEEA521F6A835D00A5ACFD /* AppDelegate.swift in Sources */ = {isa = PBXBuildFile; fileRef = 7EFEEA511F6A835D00A5ACFD /* AppDelegate.swift */; };
		7EFEEA541F6A835D00A5ACFD /* MainViewController.swift in Sources */ = {isa = PBXBuildFile; fileRef = 7EFEEA531F6A835D00A5ACFD /* MainViewController.swift */; };
		7EFEEA591F6A835D00A5ACFD /* Assets.xcassets in Resources */ = {isa = PBXBuildFile; fileRef = 7EFEEA581F6A835D00A5ACFD /* Assets.xcassets */; };
		7EFEEA5C1F6A835D00A5ACFD /* LaunchScreen.storyboard in Resources */ = {isa = PBXBuildFile; fileRef = 7EFEEA5A1F6A835D00A5ACFD /* LaunchScreen.storyboard */; };
		7EFEEA671F6A835D00A5ACFD /* BandLabTestTests.swift in Sources */ = {isa = PBXBuildFile; fileRef = 7EFEEA661F6A835D00A5ACFD /* BandLabTestTests.swift */; };
		7EFEEA721F6A856D00A5ACFD /* Router.swift in Sources */ = {isa = PBXBuildFile; fileRef = 7EFEEA711F6A856D00A5ACFD /* Router.swift */; };
		7EFEEA741F6A879900A5ACFD /* MainViewService.swift in Sources */ = {isa = PBXBuildFile; fileRef = 7EFEEA731F6A879900A5ACFD /* MainViewService.swift */; };
		7EFEEA7E1F6ADEA700A5ACFD /* SoundPlayer.swift in Sources */ = {isa = PBXBuildFile; fileRef = 7EFEEA7D1F6ADEA700A5ACFD /* SoundPlayer.swift */; };
		7EFEEA801F6AEF2700A5ACFD /* PlayerView.swift in Sources */ = {isa = PBXBuildFile; fileRef = 7EFEEA7F1F6AEF2700A5ACFD /* PlayerView.swift */; };
/* End PBXBuildFile section */

/* Begin PBXContainerItemProxy section */
		7EFEEA631F6A835D00A5ACFD /* PBXContainerItemProxy */ = {
			isa = PBXContainerItemProxy;
			containerPortal = 7EFEEA461F6A835C00A5ACFD /* Project object */;
			proxyType = 1;
			remoteGlobalIDString = 7EFEEA4D1F6A835C00A5ACFD;
			remoteInfo = BandLabTest;
		};
/* End PBXContainerItemProxy section */

/* Begin PBXFileReference section */
		7E2767BC1F6E774D00A22B5E /* Domain.swift */ = {isa = PBXFileReference; fileEncoding = 4; lastKnownFileType = sourcecode.swift; path = Domain.swift; sourceTree = "<group>"; };
		7E2767BE1F6E7EB300A22B5E /* MainViewModel.swift */ = {isa = PBXFileReference; fileEncoding = 4; lastKnownFileType = sourcecode.swift; path = MainViewModel.swift; sourceTree = "<group>"; };
		7EFEEA4E1F6A835D00A5ACFD /* BandLabTest.app */ = {isa = PBXFileReference; explicitFileType = wrapper.application; includeInIndex = 0; path = BandLabTest.app; sourceTree = BUILT_PRODUCTS_DIR; };
		7EFEEA511F6A835D00A5ACFD /* AppDelegate.swift */ = {isa = PBXFileReference; lastKnownFileType = sourcecode.swift; path = AppDelegate.swift; sourceTree = "<group>"; };
		7EFEEA531F6A835D00A5ACFD /* MainViewController.swift */ = {isa = PBXFileReference; lastKnownFileType = sourcecode.swift; path = MainViewController.swift; sourceTree = "<group>"; };
		7EFEEA581F6A835D00A5ACFD /* Assets.xcassets */ = {isa = PBXFileReference; lastKnownFileType = folder.assetcatalog; path = Assets.xcassets; sourceTree = "<group>"; };
		7EFEEA5B1F6A835D00A5ACFD /* Base */ = {isa = PBXFileReference; lastKnownFileType = file.storyboard; name = Base; path = Base.lproj/LaunchScreen.storyboard; sourceTree = "<group>"; };
		7EFEEA5D1F6A835D00A5ACFD /* Info.plist */ = {isa = PBXFileReference; lastKnownFileType = text.plist.xml; path = Info.plist; sourceTree = "<group>"; };
		7EFEEA621F6A835D00A5ACFD /* BandLabTestTests.xctest */ = {isa = PBXFileReference; explicitFileType = wrapper.cfbundle; includeInIndex = 0; path = BandLabTestTests.xctest; sourceTree = BUILT_PRODUCTS_DIR; };
		7EFEEA661F6A835D00A5ACFD /* BandLabTestTests.swift */ = {isa = PBXFileReference; lastKnownFileType = sourcecode.swift; path = BandLabTestTests.swift; sourceTree = "<group>"; };
		7EFEEA681F6A835D00A5ACFD /* Info.plist */ = {isa = PBXFileReference; lastKnownFileType = text.plist.xml; path = Info.plist; sourceTree = "<group>"; };
		7EFEEA711F6A856D00A5ACFD /* Router.swift */ = {isa = PBXFileReference; fileEncoding = 4; lastKnownFileType = sourcecode.swift; path = Router.swift; sourceTree = "<group>"; };
		7EFEEA731F6A879900A5ACFD /* MainViewService.swift */ = {isa = PBXFileReference; fileEncoding = 4; lastKnownFileType = sourcecode.swift; path = MainViewService.swift; sourceTree = "<group>"; };
		7EFEEA7D1F6ADEA700A5ACFD /* SoundPlayer.swift */ = {isa = PBXFileReference; fileEncoding = 4; lastKnownFileType = sourcecode.swift; path = SoundPlayer.swift; sourceTree = "<group>"; };
		7EFEEA7F1F6AEF2700A5ACFD /* PlayerView.swift */ = {isa = PBXFileReference; fileEncoding = 4; lastKnownFileType = sourcecode.swift; path = PlayerView.swift; sourceTree = "<group>"; };
/* End PBXFileReference section */

/* Begin PBXFrameworksBuildPhase section */
		7EFEEA4B1F6A835C00A5ACFD /* Frameworks */ = {
			isa = PBXFrameworksBuildPhase;
			buildActionMask = 2147483647;
			files = (
			);
			runOnlyForDeploymentPostprocessing = 0;
		};
		7EFEEA5F1F6A835D00A5ACFD /* Frameworks */ = {
			isa = PBXFrameworksBuildPhase;
			buildActionMask = 2147483647;
			files = (
			);
			runOnlyForDeploymentPostprocessing = 0;
		};
/* End PBXFrameworksBuildPhase section */

/* Begin PBXGroup section */
		7EFEEA451F6A835C00A5ACFD = {
			isa = PBXGroup;
			children = (
				7EFEEA501F6A835D00A5ACFD /* BandLabTest */,
				7EFEEA651F6A835D00A5ACFD /* BandLabTestTests */,
				7EFEEA4F1F6A835D00A5ACFD /* Products */,
			);
			sourceTree = "<group>";
		};
		7EFEEA4F1F6A835D00A5ACFD /* Products */ = {
			isa = PBXGroup;
			children = (
				7EFEEA4E1F6A835D00A5ACFD /* BandLabTest.app */,
				7EFEEA621F6A835D00A5ACFD /* BandLabTestTests.xctest */,
			);
			name = Products;
			sourceTree = "<group>";
		};
		7EFEEA501F6A835D00A5ACFD /* BandLabTest */ = {
			isa = PBXGroup;
			children = (
				7EFEEA511F6A835D00A5ACFD /* AppDelegate.swift */,
				7EFEEA581F6A835D00A5ACFD /* Assets.xcassets */,
				7E2767BC1F6E774D00A22B5E /* Domain.swift */,
				7EFEEA5D1F6A835D00A5ACFD /* Info.plist */,
				7EFEEA5A1F6A835D00A5ACFD /* LaunchScreen.storyboard */,
				7EFEEA531F6A835D00A5ACFD /* MainViewController.swift */,
				7E2767BE1F6E7EB300A22B5E /* MainViewModel.swift */,
				7EFEEA731F6A879900A5ACFD /* MainViewService.swift */,
				7EFEEA7F1F6AEF2700A5ACFD /* PlayerView.swift */,
				7EFEEA711F6A856D00A5ACFD /* Router.swift */,
				7EFEEA7D1F6ADEA700A5ACFD /* SoundPlayer.swift */,
			);
			path = BandLabTest;
			sourceTree = "<group>";
		};
		7EFEEA651F6A835D00A5ACFD /* BandLabTestTests */ = {
			isa = PBXGroup;
			children = (
				7EFEEA661F6A835D00A5ACFD /* BandLabTestTests.swift */,
				7EFEEA681F6A835D00A5ACFD /* Info.plist */,
			);
			path = BandLabTestTests;
			sourceTree = "<group>";
		};
/* End PBXGroup section */

/* Begin PBXNativeTarget section */
		7EFEEA4D1F6A835C00A5ACFD /* BandLabTest */ = {
			isa = PBXNativeTarget;
			buildConfigurationList = 7EFEEA6B1F6A835D00A5ACFD /* Build configuration list for PBXNativeTarget "BandLabTest" */;
			buildPhases = (
				7EFEEA4A1F6A835C00A5ACFD /* Sources */,
				7EFEEA4B1F6A835C00A5ACFD /* Frameworks */,
				7EFEEA4C1F6A835C00A5ACFD /* Resources */,
			);
			buildRules = (
			);
			dependencies = (
			);
			name = BandLabTest;
			productName = BandLabTest;
			productReference = 7EFEEA4E1F6A835D00A5ACFD /* BandLabTest.app */;
			productType = "com.apple.product-type.application";
		};
		7EFEEA611F6A835D00A5ACFD /* BandLabTestTests */ = {
			isa = PBXNativeTarget;
			buildConfigurationList = 7EFEEA6E1F6A835D00A5ACFD /* Build configuration list for PBXNativeTarget "BandLabTestTests" */;
			buildPhases = (
				7EFEEA5E1F6A835D00A5ACFD /* Sources */,
				7EFEEA5F1F6A835D00A5ACFD /* Frameworks */,
				7EFEEA601F6A835D00A5ACFD /* Resources */,
			);
			buildRules = (
			);
			dependencies = (
				7EFEEA641F6A835D00A5ACFD /* PBXTargetDependency */,
			);
			name = BandLabTestTests;
			productName = BandLabTestTests;
			productReference = 7EFEEA621F6A835D00A5ACFD /* BandLabTestTests.xctest */;
			productType = "com.apple.product-type.bundle.unit-test";
		};
/* End PBXNativeTarget section */

/* Begin PBXProject section */
		7EFEEA461F6A835C00A5ACFD /* Project object */ = {
			isa = PBXProject;
			attributes = {
				LastSwiftUpdateCheck = 0830;
				LastUpgradeCheck = 0830;
				ORGANIZATIONNAME = "Ivan Ushakov";
				TargetAttributes = {
					7EFEEA4D1F6A835C00A5ACFD = {
						CreatedOnToolsVersion = 8.3.3;
						DevelopmentTeam = G38VA7FQQ2;
						ProvisioningStyle = Automatic;
					};
					7EFEEA611F6A835D00A5ACFD = {
						CreatedOnToolsVersion = 8.3.3;
						DevelopmentTeam = G38VA7FQQ2;
						ProvisioningStyle = Automatic;
						TestTargetID = 7EFEEA4D1F6A835C00A5ACFD;
					};
				};
			};
			buildConfigurationList = 7EFEEA491F6A835C00A5ACFD /* Build configuration list for PBXProject "BandLabTest" */;
			compatibilityVersion = "Xcode 3.2";
			developmentRegion = English;
			hasScannedForEncodings = 0;
			knownRegions = (
				en,
				Base,
			);
			mainGroup = 7EFEEA451F6A835C00A5ACFD;
			productRefGroup = 7EFEEA4F1F6A835D00A5ACFD /* Products */;
			projectDirPath = "";
			projectRoot = "";
			targets = (
				7EFEEA4D1F6A835C00A5ACFD /* BandLabTest */,
				7EFEEA611F6A835D00A5ACFD /* BandLabTestTests */,
			);
		};
/* End PBXProject section */

/* Begin PBXResourcesBuildPhase section */
		7EFEEA4C1F6A835C00A5ACFD /* Resources */ = {
			isa = PBXResourcesBuildPhase;
			buildActionMask = 2147483647;
			files = (
				7EFEEA5C1F6A835D00A5ACFD /* LaunchScreen.storyboard in Resources */,
				7EFEEA591F6A835D00A5ACFD /* Assets.xcassets in Resources */,
			);
			runOnlyForDeploymentPostprocessing = 0;
		};
		7EFEEA601F6A835D00A5ACFD /* Resources */ = {
			isa = PBXResourcesBuildPhase;
			buildActionMask = 2147483647;
			files = (
			);
			runOnlyForDeploymentPostprocessing = 0;
		};
/* End PBXResourcesBuildPhase section */

/* Begin PBXSourcesBuildPhase section */
		7EFEEA4A1F6A835C00A5ACFD /* Sources */ = {
			isa = PBXSourcesBuildPhase;
			buildActionMask = 2147483647;
			files = (
				7EFEEA541F6A835D00A5ACFD /* MainViewController.swift in Sources */,
				7EFEEA7E1F6ADEA700A5ACFD /* SoundPlayer.swift in Sources */,
				7EFEEA801F6AEF2700A5ACFD /* PlayerView.swift in Sources */,
				7EFEEA741F6A879900A5ACFD /* MainViewService.swift in Sources */,
				7EFEEA721F6A856D00A5ACFD /* Router.swift in Sources */,
				7EFEEA521F6A835D00A5ACFD /* AppDelegate.swift in Sources */,
				7E2767BD1F6E774D00A22B5E /* Domain.swift in Sources */,
				7E2767BF1F6E7EB300A22B5E /* MainViewModel.swift in Sources */,
			);
			runOnlyForDeploymentPostprocessing = 0;
		};
		7EFEEA5E1F6A835D00A5ACFD /* Sources */ = {
			isa = PBXSourcesBuildPhase;
			buildActionMask = 2147483647;
			files = (
				7EFEEA671F6A835D00A5ACFD /* BandLabTestTests.swift in Sources */,
			);
			runOnlyForDeploymentPostprocessing = 0;
		};
/* End PBXSourcesBuildPhase section */

/* Begin PBXTargetDependency section */
		7EFEEA641F6A835D00A5ACFD /* PBXTargetDependency */ = {
			isa = PBXTargetDependency;
			target = 7EFEEA4D1F6A835C00A5ACFD /* BandLabTest */;
			targetProxy = 7EFEEA631F6A835D00A5ACFD /* PBXContainerItemProxy */;
		};
/* End PBXTargetDependency section */

/* Begin PBXVariantGroup section */
		7EFEEA5A1F6A835D00A5ACFD /* LaunchScreen.storyboard */ = {
			isa = PBXVariantGroup;
			children = (
				7EFEEA5B1F6A835D00A5ACFD /* Base */,
			);
			name = LaunchScreen.storyboard;
			sourceTree = "<group>";
		};
/* End PBXVariantGroup section */

/* Begin XCBuildConfiguration section */
		7EFEEA691F6A835D00A5ACFD /* Debug */ = {
			isa = XCBuildConfiguration;
			buildSettings = {
				ALWAYS_SEARCH_USER_PATHS = NO;
				CLANG_ANALYZER_NONNULL = YES;
				CLANG_ANALYZER_NUMBER_OBJECT_CONVERSION = YES_AGGRESSIVE;
				CLANG_CXX_LANGUAGE_STANDARD = "gnu++0x";
				CLANG_CXX_LIBRARY = "libc++";
				CLANG_ENABLE_MODULES = YES;
				CLANG_ENABLE_OBJC_ARC = YES;
				CLANG_WARN_BOOL_CONVERSION = YES;
				CLANG_WARN_CONSTANT_CONVERSION = YES;
				CLANG_WARN_DIRECT_OBJC_ISA_USAGE = YES_ERROR;
				CLANG_WARN_DOCUMENTATION_COMMENTS = YES;
				CLANG_WARN_EMPTY_BODY = YES;
				CLANG_WARN_ENUM_CONVERSION = YES;
				CLANG_WARN_INFINITE_RECURSION = YES;
				CLANG_WARN_INT_CONVERSION = YES;
				CLANG_WARN_OBJC_ROOT_CLASS = YES_ERROR;
				CLANG_WARN_SUSPICIOUS_MOVE = YES;
				CLANG_WARN_UNREACHABLE_CODE = YES;
				CLANG_WARN__DUPLICATE_METHOD_MATCH = YES;
				"CODE_SIGN_IDENTITY[sdk=iphoneos*]" = "iPhone Developer";
				COPY_PHASE_STRIP = NO;
				DEBUG_INFORMATION_FORMAT = dwarf;
				ENABLE_STRICT_OBJC_MSGSEND = YES;
				ENABLE_TESTABILITY = YES;
				GCC_C_LANGUAGE_STANDARD = gnu99;
				GCC_DYNAMIC_NO_PIC = NO;
				GCC_NO_COMMON_BLOCKS = YES;
				GCC_OPTIMIZATION_LEVEL = 0;
				GCC_PREPROCESSOR_DEFINITIONS = (
					"DEBUG=1",
					"$(inherited)",
				);
				GCC_WARN_64_TO_32_BIT_CONVERSION = YES;
				GCC_WARN_ABOUT_RETURN_TYPE = YES_ERROR;
				GCC_WARN_UNDECLARED_SELECTOR = YES;
				GCC_WARN_UNINITIALIZED_AUTOS = YES_AGGRESSIVE;
				GCC_WARN_UNUSED_FUNCTION = YES;
				GCC_WARN_UNUSED_VARIABLE = YES;
				IPHONEOS_DEPLOYMENT_TARGET = 9.3;
				MTL_ENABLE_DEBUG_INFO = YES;
				ONLY_ACTIVE_ARCH = YES;
				SDKROOT = iphoneos;
				SWIFT_ACTIVE_COMPILATION_CONDITIONS = DEBUG;
				SWIFT_OPTIMIZATION_LEVEL = "-Onone";
			};
			name = Debug;
		};
		7EFEEA6A1F6A835D00A5ACFD /* Release */ = {
			isa = XCBuildConfiguration;
			buildSettings = {
				ALWAYS_SEARCH_USER_PATHS = NO;
				CLANG_ANALYZER_NONNULL = YES;
				CLANG_ANALYZER_NUMBER_OBJECT_CONVERSION = YES_AGGRESSIVE;
				CLANG_CXX_LANGUAGE_STANDARD = "gnu++0x";
				CLANG_CXX_LIBRARY = "libc++";
				CLANG_ENABLE_MODULES = YES;
				CLANG_ENABLE_OBJC_ARC = YES;
				CLANG_WARN_BOOL_CONVERSION = YES;
				CLANG_WARN_CONSTANT_CONVERSION = YES;
				CLANG_WARN_DIRECT_OBJC_ISA_USAGE = YES_ERROR;
				CLANG_WARN_DOCUMENTATION_COMMENTS = YES;
				CLANG_WARN_EMPTY_BODY = YES;
				CLANG_WARN_ENUM_CONVERSION = YES;
				CLANG_WARN_INFINITE_RECURSION = YES;
				CLANG_WARN_INT_CONVERSION = YES;
				CLANG_WARN_OBJC_ROOT_CLASS = YES_ERROR;
				CLANG_WARN_SUSPICIOUS_MOVE = YES;
				CLANG_WARN_UNREACHABLE_CODE = YES;
				CLANG_WARN__DUPLICATE_METHOD_MATCH = YES;
				"CODE_SIGN_IDENTITY[sdk=iphoneos*]" = "iPhone Developer";
				COPY_PHASE_STRIP = NO;
				DEBUG_INFORMATION_FORMAT = "dwarf-with-dsym";
				ENABLE_NS_ASSERTIONS = NO;
				ENABLE_STRICT_OBJC_MSGSEND = YES;
				GCC_C_LANGUAGE_STANDARD = gnu99;
				GCC_NO_COMMON_BLOCKS = YES;
				GCC_WARN_64_TO_32_BIT_CONVERSION = YES;
				GCC_WARN_ABOUT_RETURN_TYPE = YES_ERROR;
				GCC_WARN_UNDECLARED_SELECTOR = YES;
				GCC_WARN_UNINITIALIZED_AUTOS = YES_AGGRESSIVE;
				GCC_WARN_UNUSED_FUNCTION = YES;
				GCC_WARN_UNUSED_VARIABLE = YES;
				IPHONEOS_DEPLOYMENT_TARGET = 9.3;
				MTL_ENABLE_DEBUG_INFO = NO;
				SDKROOT = iphoneos;
				SWIFT_OPTIMIZATION_LEVEL = "-Owholemodule";
				VALIDATE_PRODUCT = YES;
			};
			name = Release;
		};
		7EFEEA6C1F6A835D00A5ACFD /* Debug */ = {
			isa = XCBuildConfiguration;
			buildSettings = {
				ASSETCATALOG_COMPILER_APPICON_NAME = AppIcon;
				DEVELOPMENT_TEAM = G38VA7FQQ2;
				INFOPLIST_FILE = BandLabTest/Info.plist;
				LD_RUNPATH_SEARCH_PATHS = "$(inherited) @executable_path/Frameworks";
				PRODUCT_BUNDLE_IDENTIFIER = com.lunarkey.BandLabTest;
				PRODUCT_NAME = "$(TARGET_NAME)";
				SWIFT_VERSION = 3.0;
			};
			name = Debug;
		};
		7EFEEA6D1F6A835D00A5ACFD /* Release */ = {
			isa = XCBuildConfiguration;
			buildSettings = {
				ASSETCATALOG_COMPILER_APPICON_NAME = AppIcon;
				DEVELOPMENT_TEAM = G38VA7FQQ2;
				INFOPLIST_FILE = BandLabTest/Info.plist;
				LD_RUNPATH_SEARCH_PATHS = "$(inherited) @executable_path/Frameworks";
				PRODUCT_BUNDLE_IDENTIFIER = com.lunarkey.BandLabTest;
				PRODUCT_NAME = "$(TARGET_NAME)";
				SWIFT_VERSION = 3.0;
			};
			name = Release;
		};
		7EFEEA6F1F6A835D00A5ACFD /* Debug */ = {
			isa = XCBuildConfiguration;
			buildSettings = {
				ALWAYS_EMBED_SWIFT_STANDARD_LIBRARIES = YES;
				BUNDLE_LOADER = "$(TEST_HOST)";
				DEVELOPMENT_TEAM = G38VA7FQQ2;
				INFOPLIST_FILE = BandLabTestTests/Info.plist;
				LD_RUNPATH_SEARCH_PATHS = "$(inherited) @executable_path/Frameworks @loader_path/Frameworks";
				PRODUCT_BUNDLE_IDENTIFIER = com.lunarkey.BandLabTestTests;
				PRODUCT_NAME = "$(TARGET_NAME)";
				SWIFT_VERSION = 3.0;
				TEST_HOST = "$(BUILT_PRODUCTS_DIR)/BandLabTest.app/BandLabTest";
			};
			name = Debug;
		};
		7EFEEA701F6A835D00A5ACFD /* Release */ = {
			isa = XCBuildConfiguration;
			buildSettings = {
				ALWAYS_EMBED_SWIFT_STANDARD_LIBRARIES = YES;
				BUNDLE_LOADER = "$(TEST_HOST)";
				DEVELOPMENT_TEAM = G38VA7FQQ2;
				INFOPLIST_FILE = BandLabTestTests/Info.plist;
				LD_RUNPATH_SEARCH_PATHS = "$(inherited) @executable_path/Frameworks @loader_path/Frameworks";
				PRODUCT_BUNDLE_IDENTIFIER = com.lunarkey.BandLabTestTests;
				PRODUCT_NAME = "$(TARGET_NAME)";
				SWIFT_VERSION = 3.0;
				TEST_HOST = "$(BUILT_PRODUCTS_DIR)/BandLabTest.app/BandLabTest";
			};
			name = Release;
		};
/* End XCBuildConfiguration section */

/* Begin XCConfigurationList section */
		7EFEEA491F6A835C00A5ACFD /* Build configuration list for PBXProject "BandLabTest" */ = {
			isa = XCConfigurationList;
			buildConfigurations = (
				7EFEEA691F6A835D00A5ACFD /* Debug */,
				7EFEEA6A1F6A835D00A5ACFD /* Release */,
			);
			defaultConfigurationIsVisible = 0;
			defaultConfigurationName = Release;
		};
		7EFEEA6B1F6A835D00A5ACFD /* Build configuration list for PBXNativeTarget "BandLabTest" */ = {
			isa = XCConfigurationList;
			buildConfigurations = (
				7EFEEA6C1F6A835D00A5ACFD /* Debug */,
				7EFEEA6D1F6A835D00A5ACFD /* Release */,
			);
			defaultConfigurationIsVisible = 0;
			defaultConfigurationName = Release;
		};
		7EFEEA6E1F6A835D00A5ACFD /* Build configuration list for PBXNativeTarget "BandLabTestTests" */ = {
			isa = XCConfigurationList;
			buildConfigurations = (
				7EFEEA6F1F6A835D00A5ACFD /* Debug */,
				7EFEEA701F6A835D00A5ACFD /* Release */,
			);
			defaultConfigurationIsVisible = 0;
			defaultConfigurationName = Release;
		};
/* End XCConfigurationList section */
	};
	rootObject = 7EFEEA461F6A835C00A5ACFD /* Project object */;
}
